
Microsoft Visual Studio Solution File, Format Version 12.00
# Visual Studio 15
VisualStudioVersion = 15.0.28307.106
MinimumVisualStudioVersion = 10.0.40219.1
Project("{FAE04EC0-301F-11D3-BF4B-00C04F79EFBC}") = "IsMatch.Models", "IsMatch.Models\IsMatch.Models.csproj", "{7D59466D-ECF0-4C52-AA32-5CCD72DA2091}"
EndProject
Project("{FAE04EC0-301F-11D3-BF4B-00C04F79EFBC}") = "IsMatch.WebApi", "IsMatch.WebApi\IsMatch.WebApi.csproj", "{58637577-61AD-4347-B21A-6BFD59B1F7AB}"
EndProject
Global
	GlobalSection(SolutionConfigurationPlatforms) = preSolution
		Debug|Any CPU = Debug|Any CPU
		Release|Any CPU = Release|Any CPU
	EndGlobalSection
	GlobalSection(ProjectConfigurationPlatforms) = postSolution
		{7D59466D-ECF0-4C52-AA32-5CCD72DA2091}.Debug|Any CPU.ActiveCfg = Debug|Any CPU
		{7D59466D-ECF0-4C52-AA32-5CCD72DA2091}.Debug|Any CPU.Build.0 = Debug|Any CPU
		{7D59466D-ECF0-4C52-AA32-5CCD72DA2091}.Release|Any CPU.ActiveCfg = Release|Any CPU
		{7D59466D-ECF0-4C52-AA32-5CCD72DA2091}.Release|Any CPU.Build.0 = Release|Any CPU
		{58637577-61AD-4347-B21A-6BFD59B1F7AB}.Debug|Any CPU.ActiveCfg = Debug|Any CPU
		{58637577-61AD-4347-B21A-6BFD59B1F7AB}.Debug|Any CPU.Build.0 = Debug|Any CPU
		{58637577-61AD-4347-B21A-6BFD59B1F7AB}.Release|Any CPU.ActiveCfg = Release|Any CPU
		{58637577-61AD-4347-B21A-6BFD59B1F7AB}.Release|Any CPU.Build.0 = Release|Any CPU
	EndGlobalSection
	GlobalSection(SolutionProperties) = preSolution
		HideSolutionNode = FALSE
	EndGlobalSection
	GlobalSection(ExtensibilityGlobals) = postSolution
		SolutionGuid = {CD45BFDD-9117-4F54-9F64-446000328AFA}
	EndGlobalSection
EndGlobal
